// !$*UTF8*$!
{
	archiveVersion = 1;
	classes = {
	};
	objectVersion = 50;
	objects = {

/* Begin PBXBuildFile section */
		84C9110826997A9F00D507BA /* AppDelegate.swift in Sources */ = {isa = PBXBuildFile; fileRef = 84C9110726997A9F00D507BA /* AppDelegate.swift */; };
		84C9110A26997A9F00D507BA /* SceneDelegate.swift in Sources */ = {isa = PBXBuildFile; fileRef = 84C9110926997A9F00D507BA /* SceneDelegate.swift */; };
		84C9110C26997A9F00D507BA /* ViewController.swift in Sources */ = {isa = PBXBuildFile; fileRef = 84C9110B26997A9F00D507BA /* ViewController.swift */; };
		84C9110F26997A9F00D507BA /* Main.storyboard in Resources */ = {isa = PBXBuildFile; fileRef = 84C9110D26997A9F00D507BA /* Main.storyboard */; };
		84C9111126997AA100D507BA /* Assets.xcassets in Resources */ = {isa = PBXBuildFile; fileRef = 84C9111026997AA100D507BA /* Assets.xcassets */; };
		84C9111426997AA100D507BA /* LaunchScreen.storyboard in Resources */ = {isa = PBXBuildFile; fileRef = 84C9111226997AA100D507BA /* LaunchScreen.storyboard */; };
		84C9111C26997AFA00D507BA /* .gitignore in Resources */ = {isa = PBXBuildFile; fileRef = 84C9111B26997AFA00D507BA /* .gitignore */; };
/* End PBXBuildFile section */

/* Begin PBXFileReference section */
		84C9110426997A9F00D507BA /* TestTaskWaadsu.app */ = {isa = PBXFileReference; explicitFileType = wrapper.application; includeInIndex = 0; path = TestTaskWaadsu.app; sourceTree = BUILT_PRODUCTS_DIR; };
		84C9110726997A9F00D507BA /* AppDelegate.swift */ = {isa = PBXFileReference; lastKnownFileType = sourcecode.swift; path = AppDelegate.swift; sourceTree = "<group>"; };
		84C9110926997A9F00D507BA /* SceneDelegate.swift */ = {isa = PBXFileReference; lastKnownFileType = sourcecode.swift; path = SceneDelegate.swift; sourceTree = "<group>"; };
		84C9110B26997A9F00D507BA /* ViewController.swift */ = {isa = PBXFileReference; lastKnownFileType = sourcecode.swift; path = ViewController.swift; sourceTree = "<group>"; };
		84C9110E26997A9F00D507BA /* Base */ = {isa = PBXFileReference; lastKnownFileType = file.storyboard; name = Base; path = Base.lproj/Main.storyboard; sourceTree = "<group>"; };
		84C9111026997AA100D507BA /* Assets.xcassets */ = {isa = PBXFileReference; lastKnownFileType = folder.assetcatalog; path = Assets.xcassets; sourceTree = "<group>"; };
		84C9111326997AA100D507BA /* Base */ = {isa = PBXFileReference; lastKnownFileType = file.storyboard; name = Base; path = Base.lproj/LaunchScreen.storyboard; sourceTree = "<group>"; };
		84C9111526997AA100D507BA /* Info.plist */ = {isa = PBXFileReference; lastKnownFileType = text.plist.xml; path = Info.plist; sourceTree = "<group>"; };
		84C9111B26997AFA00D507BA /* .gitignore */ = {isa = PBXFileReference; lastKnownFileType = text; path = .gitignore; sourceTree = "<group>"; };
/* End PBXFileReference section */

/* Begin PBXFrameworksBuildPhase section */
		84C9110126997A9F00D507BA /* Frameworks */ = {
			isa = PBXFrameworksBuildPhase;
			buildActionMask = 2147483647;
			files = (
			);
			runOnlyForDeploymentPostprocessing = 0;
		};
/* End PBXFrameworksBuildPhase section */

/* Begin PBXGroup section */
		84C910FB26997A9F00D507BA = {
			isa = PBXGroup;
			children = (
				84C9111B26997AFA00D507BA /* .gitignore */,
				84C9110626997A9F00D507BA /* TestTaskWaadsu */,
				84C9110526997A9F00D507BA /* Products */,
			);
			sourceTree = "<group>";
		};
		84C9110526997A9F00D507BA /* Products */ = {
			isa = PBXGroup;
			children = (
				84C9110426997A9F00D507BA /* TestTaskWaadsu.app */,
			);
			name = Products;
			sourceTree = "<group>";
		};
		84C9110626997A9F00D507BA /* TestTaskWaadsu */ = {
			isa = PBXGroup;
			children = (
				84C9111D26997C8A00D507BA /* Model */,
				84C9111E26997C9D00D507BA /* View */,
				84C9111F26997CA300D507BA /* Controller */,
				84C9112026997CAF00D507BA /* Application */,
				84C9112126997CC100D507BA /* Resource */,
			);
			path = TestTaskWaadsu;
			sourceTree = "<group>";
		};
		84C9111D26997C8A00D507BA /* Model */ = {
			isa = PBXGroup;
			children = (
			);
			path = Model;
			sourceTree = "<group>";
		};
		84C9111E26997C9D00D507BA /* View */ = {
			isa = PBXGroup;
			children = (
			);
			path = View;
			sourceTree = "<group>";
		};
		84C9111F26997CA300D507BA /* Controller */ = {
			isa = PBXGroup;
			children = (
				84C9110B26997A9F00D507BA /* ViewController.swift */,
			);
			path = Controller;
			sourceTree = "<group>";
		};
		84C9112026997CAF00D507BA /* Application */ = {
			isa = PBXGroup;
			children = (
				84C9112326997D3400D507BA /* Controller */,
				84C9112226997D1C00D507BA /* View */,
			);
			path = Application;
			sourceTree = "<group>";
		};
		84C9112126997CC100D507BA /* Resource */ = {
			isa = PBXGroup;
			children = (
				84C9111526997AA100D507BA /* Info.plist */,
				84C9111026997AA100D507BA /* Assets.xcassets */,
			);
			path = Resource;
			sourceTree = "<group>";
		};
		84C9112226997D1C00D507BA /* View */ = {
			isa = PBXGroup;
			children = (
				84C9110D26997A9F00D507BA /* Main.storyboard */,
				84C9111226997AA100D507BA /* LaunchScreen.storyboard */,
			);
			path = View;
			sourceTree = "<group>";
		};
		84C9112326997D3400D507BA /* Controller */ = {
			isa = PBXGroup;
			children = (
				84C9110726997A9F00D507BA /* AppDelegate.swift */,
				84C9110926997A9F00D507BA /* SceneDelegate.swift */,
			);
			path = Controller;
			sourceTree = "<group>";
		};
/* End PBXGroup section */

/* Begin PBXNativeTarget section */
		84C9110326997A9F00D507BA /* TestTaskWaadsu */ = {
			isa = PBXNativeTarget;
			buildConfigurationList = 84C9111826997AA100D507BA /* Build configuration list for PBXNativeTarget "TestTaskWaadsu" */;
			buildPhases = (
				84C9110026997A9F00D507BA /* Sources */,
				84C9110126997A9F00D507BA /* Frameworks */,
				84C9110226997A9F00D507BA /* Resources */,
			);
			buildRules = (
			);
			dependencies = (
			);
			name = TestTaskWaadsu;
			productName = TestTaskWaadsu;
			productReference = 84C9110426997A9F00D507BA /* TestTaskWaadsu.app */;
			productType = "com.apple.product-type.application";
		};
/* End PBXNativeTarget section */

/* Begin PBXProject section */
		84C910FC26997A9F00D507BA /* Project object */ = {
			isa = PBXProject;
			attributes = {
				LastSwiftUpdateCheck = 1250;
				LastUpgradeCheck = 1250;
				TargetAttributes = {
					84C9110326997A9F00D507BA = {
						CreatedOnToolsVersion = 12.5.1;
					};
				};
			};
			buildConfigurationList = 84C910FF26997A9F00D507BA /* Build configuration list for PBXProject "TestTaskWaadsu" */;
			compatibilityVersion = "Xcode 9.3";
			developmentRegion = en;
			hasScannedForEncodings = 0;
			knownRegions = (
				en,
				Base,
			);
			mainGroup = 84C910FB26997A9F00D507BA;
			productRefGroup = 84C9110526997A9F00D507BA /* Products */;
			projectDirPath = "";
			projectRoot = "";
			targets = (
				84C9110326997A9F00D507BA /* TestTaskWaadsu */,
			);
		};
/* End PBXProject section */

/* Begin PBXResourcesBuildPhase section */
		84C9110226997A9F00D507BA /* Resources */ = {
			isa = PBXResourcesBuildPhase;
			buildActionMask = 2147483647;
			files = (
				84C9111C26997AFA00D507BA /* .gitignore in Resources */,
				84C9111426997AA100D507BA /* LaunchScreen.storyboard in Resources */,
				84C9111126997AA100D507BA /* Assets.xcassets in Resources */,
				84C9110F26997A9F00D507BA /* Main.storyboard in Resources */,
			);
			runOnlyForDeploymentPostprocessing = 0;
		};
/* End PBXResourcesBuildPhase section */

/* Begin PBXSourcesBuildPhase section */
		84C9110026997A9F00D507BA /* Sources */ = {
			isa = PBXSourcesBuildPhase;
			buildActionMask = 2147483647;
			files = (
				84C9110C26997A9F00D507BA /* ViewController.swift in Sources */,
				84C9110826997A9F00D507BA /* AppDelegate.swift in Sources */,
				84C9110A26997A9F00D507BA /* SceneDelegate.swift in Sources */,
			);
			runOnlyForDeploymentPostprocessing = 0;
		};
/* End PBXSourcesBuildPhase section */

/* Begin PBXVariantGroup section */
		84C9110D26997A9F00D507BA /* Main.storyboard */ = {
			isa = PBXVariantGroup;
			children = (
				84C9110E26997A9F00D507BA /* Base */,
			);
			name = Main.storyboard;
			sourceTree = "<group>";
		};
		84C9111226997AA100D507BA /* LaunchScreen.storyboard */ = {
			isa = PBXVariantGroup;
			children = (
				84C9111326997AA100D507BA /* Base */,
			);
			name = LaunchScreen.storyboard;
			sourceTree = "<group>";
		};
/* End PBXVariantGroup section */

/* Begin XCBuildConfiguration section */
		84C9111626997AA100D507BA /* Debug */ = {
			isa = XCBuildConfiguration;
			buildSettings = {
				ALWAYS_SEARCH_USER_PATHS = NO;
				CLANG_ANALYZER_NONNULL = YES;
				CLANG_ANALYZER_NUMBER_OBJECT_CONVERSION = YES_AGGRESSIVE;
				CLANG_CXX_LANGUAGE_STANDARD = "gnu++14";
				CLANG_CXX_LIBRARY = "libc++";
				CLANG_ENABLE_MODULES = YES;
				CLANG_ENABLE_OBJC_ARC = YES;
				CLANG_ENABLE_OBJC_WEAK = YES;
				CLANG_WARN_BLOCK_CAPTURE_AUTORELEASING = YES;
				CLANG_WARN_BOOL_CONVERSION = YES;
				CLANG_WARN_COMMA = YES;
				CLANG_WARN_CONSTANT_CONVERSION = YES;
				CLANG_WARN_DEPRECATED_OBJC_IMPLEMENTATIONS = YES;
				CLANG_WARN_DIRECT_OBJC_ISA_USAGE = YES_ERROR;
				CLANG_WARN_DOCUMENTATION_COMMENTS = YES;
				CLANG_WARN_EMPTY_BODY = YES;
				CLANG_WARN_ENUM_CONVERSION = YES;
				CLANG_WARN_INFINITE_RECURSION = YES;
				CLANG_WARN_INT_CONVERSION = YES;
				CLANG_WARN_NON_LITERAL_NULL_CONVERSION = YES;
				CLANG_WARN_OBJC_IMPLICIT_RETAIN_SELF = YES;
				CLANG_WARN_OBJC_LITERAL_CONVERSION = YES;
				CLANG_WARN_OBJC_ROOT_CLASS = YES_ERROR;
				CLANG_WARN_QUOTED_INCLUDE_IN_FRAMEWORK_HEADER = YES;
				CLANG_WARN_RANGE_LOOP_ANALYSIS = YES;
				CLANG_WARN_STRICT_PROTOTYPES = YES;
				CLANG_WARN_SUSPICIOUS_MOVE = YES;
				CLANG_WARN_UNGUARDED_AVAILABILITY = YES_AGGRESSIVE;
				CLANG_WARN_UNREACHABLE_CODE = YES;
				CLANG_WARN__DUPLICATE_METHOD_MATCH = YES;
				COPY_PHASE_STRIP = NO;
				DEBUG_INFORMATION_FORMAT = dwarf;
				ENABLE_STRICT_OBJC_MSGSEND = YES;
				ENABLE_TESTABILITY = YES;
				GCC_C_LANGUAGE_STANDARD = gnu11;
				GCC_DYNAMIC_NO_PIC = NO;
				GCC_NO_COMMON_BLOCKS = YES;
				GCC_OPTIMIZATION_LEVEL = 0;
				GCC_PREPROCESSOR_DEFINITIONS = (
					"DEBUG=1",
					"$(inherited)",
				);
				GCC_WARN_64_TO_32_BIT_CONVERSION = YES;
				GCC_WARN_ABOUT_RETURN_TYPE = YES_ERROR;
				GCC_WARN_UNDECLARED_SELECTOR = YES;
				GCC_WARN_UNINITIALIZED_AUTOS = YES_AGGRESSIVE;
				GCC_WARN_UNUSED_FUNCTION = YES;
				GCC_WARN_UNUSED_VARIABLE = YES;
				IPHONEOS_DEPLOYMENT_TARGET = 13.0;
				MTL_ENABLE_DEBUG_INFO = INCLUDE_SOURCE;
				MTL_FAST_MATH = YES;
				ONLY_ACTIVE_ARCH = YES;
				SDKROOT = iphoneos;
				SWIFT_ACTIVE_COMPILATION_CONDITIONS = DEBUG;
				SWIFT_OPTIMIZATION_LEVEL = "-Onone";
			};
			name = Debug;
		};
		84C9111726997AA100D507BA /* Release */ = {
			isa = XCBuildConfiguration;
			buildSettings = {
				ALWAYS_SEARCH_USER_PATHS = NO;
				CLANG_ANALYZER_NONNULL = YES;
				CLANG_ANALYZER_NUMBER_OBJECT_CONVERSION = YES_AGGRESSIVE;
				CLANG_CXX_LANGUAGE_STANDARD = "gnu++14";
				CLANG_CXX_LIBRARY = "libc++";
				CLANG_ENABLE_MODULES = YES;
				CLANG_ENABLE_OBJC_ARC = YES;
				CLANG_ENABLE_OBJC_WEAK = YES;
				CLANG_WARN_BLOCK_CAPTURE_AUTORELEASING = YES;
				CLANG_WARN_BOOL_CONVERSION = YES;
				CLANG_WARN_COMMA = YES;
				CLANG_WARN_CONSTANT_CONVERSION = YES;
				CLANG_WARN_DEPRECATED_OBJC_IMPLEMENTATIONS = YES;
				CLANG_WARN_DIRECT_OBJC_ISA_USAGE = YES_ERROR;
				CLANG_WARN_DOCUMENTATION_COMMENTS = YES;
				CLANG_WARN_EMPTY_BODY = YES;
				CLANG_WARN_ENUM_CONVERSION = YES;
				CLANG_WARN_INFINITE_RECURSION = YES;
				CLANG_WARN_INT_CONVERSION = YES;
				CLANG_WARN_NON_LITERAL_NULL_CONVERSION = YES;
				CLANG_WARN_OBJC_IMPLICIT_RETAIN_SELF = YES;
				CLANG_WARN_OBJC_LITERAL_CONVERSION = YES;
				CLANG_WARN_OBJC_ROOT_CLASS = YES_ERROR;
				CLANG_WARN_QUOTED_INCLUDE_IN_FRAMEWORK_HEADER = YES;
				CLANG_WARN_RANGE_LOOP_ANALYSIS = YES;
				CLANG_WARN_STRICT_PROTOTYPES = YES;
				CLANG_WARN_SUSPICIOUS_MOVE = YES;
				CLANG_WARN_UNGUARDED_AVAILABILITY = YES_AGGRESSIVE;
				CLANG_WARN_UNREACHABLE_CODE = YES;
				CLANG_WARN__DUPLICATE_METHOD_MATCH = YES;
				COPY_PHASE_STRIP = NO;
				DEBUG_INFORMATION_FORMAT = "dwarf-with-dsym";
				ENABLE_NS_ASSERTIONS = NO;
				ENABLE_STRICT_OBJC_MSGSEND = YES;
				GCC_C_LANGUAGE_STANDARD = gnu11;
				GCC_NO_COMMON_BLOCKS = YES;
				GCC_WARN_64_TO_32_BIT_CONVERSION = YES;
				GCC_WARN_ABOUT_RETURN_TYPE = YES_ERROR;
				GCC_WARN_UNDECLARED_SELECTOR = YES;
				GCC_WARN_UNINITIALIZED_AUTOS = YES_AGGRESSIVE;
				GCC_WARN_UNUSED_FUNCTION = YES;
				GCC_WARN_UNUSED_VARIABLE = YES;
				IPHONEOS_DEPLOYMENT_TARGET = 13.0;
				MTL_ENABLE_DEBUG_INFO = NO;
				MTL_FAST_MATH = YES;
				SDKROOT = iphoneos;
				SWIFT_COMPILATION_MODE = wholemodule;
				SWIFT_OPTIMIZATION_LEVEL = "-O";
				VALIDATE_PRODUCT = YES;
			};
			name = Release;
		};
		84C9111926997AA100D507BA /* Debug */ = {
			isa = XCBuildConfiguration;
			buildSettings = {
				ASSETCATALOG_COMPILER_APPICON_NAME = AppIcon;
				ASSETCATALOG_COMPILER_GLOBAL_ACCENT_COLOR_NAME = AccentColor;
				CODE_SIGN_STYLE = Automatic;
				DEVELOPMENT_TEAM = 2PQ8675BM6;
				INFOPLIST_FILE = "$(SRCROOT)/TestTaskWaadsu/Resource/Info.plist";
				IPHONEOS_DEPLOYMENT_TARGET = 13.0;
				LD_RUNPATH_SEARCH_PATHS = (
					"$(inherited)",
					"@executable_path/Frameworks",
				);
				PRODUCT_BUNDLE_IDENTIFIER = denis.TestTaskWaadsu;
				PRODUCT_NAME = "$(TARGET_NAME)";
				SWIFT_VERSION = 5.0;
				TARGETED_DEVICE_FAMILY = "1,2";
			};
			name = Debug;
		};
		84C9111A26997AA100D507BA /* Release */ = {
			isa = XCBuildConfiguration;
			buildSettings = {
				ASSETCATALOG_COMPILER_APPICON_NAME = AppIcon;
				ASSETCATALOG_COMPILER_GLOBAL_ACCENT_COLOR_NAME = AccentColor;
				CODE_SIGN_STYLE = Automatic;
				DEVELOPMENT_TEAM = 2PQ8675BM6;
				INFOPLIST_FILE = "$(SRCROOT)/TestTaskWaadsu/Resource/Info.plist";
				IPHONEOS_DEPLOYMENT_TARGET = 13.0;
				LD_RUNPATH_SEARCH_PATHS = (
					"$(inherited)",
					"@executable_path/Frameworks",
				);
				PRODUCT_BUNDLE_IDENTIFIER = denis.TestTaskWaadsu;
				PRODUCT_NAME = "$(TARGET_NAME)";
				SWIFT_VERSION = 5.0;
				TARGETED_DEVICE_FAMILY = "1,2";
			};
			name = Release;
		};
/* End XCBuildConfiguration section */

/* Begin XCConfigurationList section */
		84C910FF26997A9F00D507BA /* Build configuration list for PBXProject "TestTaskWaadsu" */ = {
			isa = XCConfigurationList;
			buildConfigurations = (
				84C9111626997AA100D507BA /* Debug */,
				84C9111726997AA100D507BA /* Release */,
			);
			defaultConfigurationIsVisible = 0;
			defaultConfigurationName = Release;
		};
		84C9111826997AA100D507BA /* Build configuration list for PBXNativeTarget "TestTaskWaadsu" */ = {
			isa = XCConfigurationList;
			buildConfigurations = (
				84C9111926997AA100D507BA /* Debug */,
				84C9111A26997AA100D507BA /* Release */,
			);
			defaultConfigurationIsVisible = 0;
			defaultConfigurationName = Release;
		};
/* End XCConfigurationList section */
	};
	rootObject = 84C910FC26997A9F00D507BA /* Project object */;
}
